
Microsoft Visual Studio Solution File, Format Version 12.00
# Visual Studio Version 17
VisualStudioVersion = 17.10.35201.131
MinimumVisualStudioVersion = 10.0.40219.1
Project("{FAE04EC0-301F-11D3-BF4B-00C04F79EFBC}") = "Mediation.Abstractions", "Mediation.Abstractions\Mediation.Abstractions.csproj", "{42B3F898-AA28-4D03-8B72-E85338425984}"
EndProject
Global
	GlobalSection(SolutionConfigurationPlatforms) = preSolution
		Debug|Any CPU = Debug|Any CPU
		Release|Any CPU = Release|Any CPU
	EndGlobalSection
	GlobalSection(ProjectConfigurationPlatforms) = postSolution
		{42B3F898-AA28-4D03-8B72-E85338425984}.Debug|Any CPU.ActiveCfg = Debug|Any CPU
		{42B3F898-AA28-4D03-8B72-E85338425984}.Debug|Any CPU.Build.0 = Debug|Any CPU
		{42B3F898-AA28-4D03-8B72-E85338425984}.Release|Any CPU.ActiveCfg = Release|Any CPU
		{42B3F898-AA28-4D03-8B72-E85338425984}.Release|Any CPU.Build.0 = Release|Any CPU
	EndGlobalSection
	GlobalSection(SolutionProperties) = preSolution
		HideSolutionNode = FALSE
	EndGlobalSection
	GlobalSection(ExtensibilityGlobals) = postSolution
		SolutionGuid = {22CCED57-2250-4977-BAC8-A59A5D13506E}
	EndGlobalSection
EndGlobal
